
Microsoft Visual Studio Solution File, Format Version 12.00
# Visual Studio Version 17
VisualStudioVersion = 17.3.32611.2
MinimumVisualStudioVersion = 10.0.40219.1
Project("{9A19103F-16F7-4668-BE54-9A1E7A4F7556}") = "PdfComparisons.Console.IronPdf", "PdfComparisons.Console.IronPdf\PdfComparisons.Console.IronPdf.csproj", "{63F97755-836C-4888-8C0B-BB1E13050756}"
EndProject
Project("{9A19103F-16F7-4668-BE54-9A1E7A4F7556}") = "PdfComparison.Console.Aspose", "PdfComparison.Console.Aspose\PdfComparison.Console.Aspose.csproj", "{88CD0FCF-1D5C-4E11-8FB8-C31D3B8586E1}"
EndProject
Project("{9A19103F-16F7-4668-BE54-9A1E7A4F7556}") = "PdfComparison.Console.SyncFusion", "PdfComparison.Console.SyncFusion\PdfComparison.Console.SyncFusion.csproj", "{47DCA7F5-E011-485E-80FE-AE54837C441F}"
EndProject
Project("{9A19103F-16F7-4668-BE54-9A1E7A4F7556}") = "PdfComparison.Console.iText", "PdfComparison.Console.iText\PdfComparison.Console.iText.csproj", "{52A54FEE-C89B-4C46-8400-4A273686FB76}"
EndProject
Project("{FAE04EC0-301F-11D3-BF4B-00C04F79EFBC}") = "Web", "Web\Web.csproj", "{68A2E73D-2EE6-46B0-B188-5FEDFFCCD32B}"
EndProject
Global
	GlobalSection(SolutionConfigurationPlatforms) = preSolution
		Debug|Any CPU = Debug|Any CPU
		Release|Any CPU = Release|Any CPU
	EndGlobalSection
	GlobalSection(ProjectConfigurationPlatforms) = postSolution
		{63F97755-836C-4888-8C0B-BB1E13050756}.Debug|Any CPU.ActiveCfg = Debug|Any CPU
		{63F97755-836C-4888-8C0B-BB1E13050756}.Debug|Any CPU.Build.0 = Debug|Any CPU
		{63F97755-836C-4888-8C0B-BB1E13050756}.Release|Any CPU.ActiveCfg = Release|Any CPU
		{63F97755-836C-4888-8C0B-BB1E13050756}.Release|Any CPU.Build.0 = Release|Any CPU
		{88CD0FCF-1D5C-4E11-8FB8-C31D3B8586E1}.Debug|Any CPU.ActiveCfg = Debug|Any CPU
		{88CD0FCF-1D5C-4E11-8FB8-C31D3B8586E1}.Debug|Any CPU.Build.0 = Debug|Any CPU
		{88CD0FCF-1D5C-4E11-8FB8-C31D3B8586E1}.Release|Any CPU.ActiveCfg = Release|Any CPU
		{88CD0FCF-1D5C-4E11-8FB8-C31D3B8586E1}.Release|Any CPU.Build.0 = Release|Any CPU
		{47DCA7F5-E011-485E-80FE-AE54837C441F}.Debug|Any CPU.ActiveCfg = Debug|Any CPU
		{47DCA7F5-E011-485E-80FE-AE54837C441F}.Debug|Any CPU.Build.0 = Debug|Any CPU
		{47DCA7F5-E011-485E-80FE-AE54837C441F}.Release|Any CPU.ActiveCfg = Release|Any CPU
		{47DCA7F5-E011-485E-80FE-AE54837C441F}.Release|Any CPU.Build.0 = Release|Any CPU
		{52A54FEE-C89B-4C46-8400-4A273686FB76}.Debug|Any CPU.ActiveCfg = Debug|Any CPU
		{52A54FEE-C89B-4C46-8400-4A273686FB76}.Debug|Any CPU.Build.0 = Debug|Any CPU
		{52A54FEE-C89B-4C46-8400-4A273686FB76}.Release|Any CPU.ActiveCfg = Release|Any CPU
		{52A54FEE-C89B-4C46-8400-4A273686FB76}.Release|Any CPU.Build.0 = Release|Any CPU
		{68A2E73D-2EE6-46B0-B188-5FEDFFCCD32B}.Debug|Any CPU.ActiveCfg = Debug|Any CPU
		{68A2E73D-2EE6-46B0-B188-5FEDFFCCD32B}.Debug|Any CPU.Build.0 = Debug|Any CPU
		{68A2E73D-2EE6-46B0-B188-5FEDFFCCD32B}.Release|Any CPU.ActiveCfg = Release|Any CPU
		{68A2E73D-2EE6-46B0-B188-5FEDFFCCD32B}.Release|Any CPU.Build.0 = Release|Any CPU
	EndGlobalSection
	GlobalSection(SolutionProperties) = preSolution
		HideSolutionNode = FALSE
	EndGlobalSection
	GlobalSection(ExtensibilityGlobals) = postSolution
		SolutionGuid = {16AF89FE-A525-46C6-80F9-A2AB911BFF0E}
	EndGlobalSection
EndGlobal
